
Microsoft Visual Studio Solution File, Format Version 12.00
# Visual Studio Version 17
VisualStudioVersion = 17.5.002.0
MinimumVisualStudioVersion = 10.0.40219.1
Project("{2150E333-8FDC-42A3-9474-1A3956D46DE8}") = "api-abstractions", "api-abstractions", "{6106F9AD-BAA7-4F24-AD96-17D27BFC486D}"
EndProject
Project("{9A19103F-16F7-4668-BE54-9A1E7A4F7556}") = "Abstractions.QueryEntitySet", "api-abstractions\Abstractions.QueryEntitySet\Abstractions.QueryEntitySet.csproj", "{2E40D2E7-2805-4825-8446-9E06C699D776}"
EndProject
Project("{9A19103F-16F7-4668-BE54-9A1E7A4F7556}") = "Abstractions.QueryEntity", "api-abstractions\Abstractions.QueryEntity\Abstractions.QueryEntity.csproj", "{96C6F500-4EAE-407C-A9C8-8C78C2802615}"
EndProject
Project("{9A19103F-16F7-4668-BE54-9A1E7A4F7556}") = "Abstractions.ExecuteNonQuery", "api-abstractions\Abstractions.ExecuteNonQuery\Abstractions.ExecuteNonQuery.csproj", "{85D6BCC4-BECA-4675-BC18-D1160868E719}"
EndProject
Project("{9A19103F-16F7-4668-BE54-9A1E7A4F7556}") = "Abstractions", "api-abstractions\Abstractions\Abstractions.csproj", "{6FE6CF2B-08E3-425F-831F-8F9DC1268A25}"
EndProject
Project("{2150E333-8FDC-42A3-9474-1A3956D46DE8}") = "api-core", "api-core", "{53EEC557-BEA5-4E2C-8F1A-F96404E2FDA1}"
EndProject
Project("{9A19103F-16F7-4668-BE54-9A1E7A4F7556}") = "DbQuery", "api-core\DbQuery\DbQuery.csproj", "{A1287ED5-38BD-4FF6-B67F-F9C746EBE7C0}"
EndProject
Project("{9A19103F-16F7-4668-BE54-9A1E7A4F7556}") = "DbEntity.Test", "api-core\DbEntity.Test\DbEntity.Test.csproj", "{36046C9A-4C7D-4549-B5C7-6478E092F14D}"
EndProject
Project("{9A19103F-16F7-4668-BE54-9A1E7A4F7556}") = "DbEntity", "api-core\DbEntity\DbEntity.csproj", "{919AC8DE-E0B7-45E7-9B04-79BDFFDF4DD6}"
EndProject
Project("{9A19103F-16F7-4668-BE54-9A1E7A4F7556}") = "DbQuery.Test", "api-core\DbQuery.Test\DbQuery.Test.csproj", "{125661CA-970F-42ED-9AA4-E08A9AD33922}"
EndProject
Project("{9A19103F-16F7-4668-BE54-9A1E7A4F7556}") = "DbParameter", "api-core\DbParameter\DbParameter.csproj", "{DCC02039-353A-42C7-86D2-C61827ED4F14}"
EndProject
Project("{2150E333-8FDC-42A3-9474-1A3956D46DE8}") = "api", "api", "{5E4F5B1C-D629-4D34-B81A-65F7951AE426}"
EndProject
Project("{9A19103F-16F7-4668-BE54-9A1E7A4F7556}") = "Api.Test", "api\Api.Test\Api.Test.csproj", "{A41B8ECF-8AE0-4C25-BF3A-30A63453C6F5}"
EndProject
Project("{9A19103F-16F7-4668-BE54-9A1E7A4F7556}") = "Api", "api\Api\Api.csproj", "{B0B8E4C3-C17A-4D6A-90D0-52657FDF0115}"
EndProject
Project("{FAE04EC0-301F-11D3-BF4B-00C04F79EFBC}") = "Provider.Abstractions", "api-abstractions\Provider.Abstractions\Provider.Abstractions.csproj", "{BA79F60A-3473-40A1-846D-707CB5AF96DA}"
EndProject
Global
	GlobalSection(SolutionConfigurationPlatforms) = preSolution
		Debug|Any CPU = Debug|Any CPU
		Release|Any CPU = Release|Any CPU
	EndGlobalSection
	GlobalSection(ProjectConfigurationPlatforms) = postSolution
		{2E40D2E7-2805-4825-8446-9E06C699D776}.Debug|Any CPU.ActiveCfg = Debug|Any CPU
		{2E40D2E7-2805-4825-8446-9E06C699D776}.Debug|Any CPU.Build.0 = Debug|Any CPU
		{2E40D2E7-2805-4825-8446-9E06C699D776}.Release|Any CPU.ActiveCfg = Release|Any CPU
		{2E40D2E7-2805-4825-8446-9E06C699D776}.Release|Any CPU.Build.0 = Release|Any CPU
		{96C6F500-4EAE-407C-A9C8-8C78C2802615}.Debug|Any CPU.ActiveCfg = Debug|Any CPU
		{96C6F500-4EAE-407C-A9C8-8C78C2802615}.Debug|Any CPU.Build.0 = Debug|Any CPU
		{96C6F500-4EAE-407C-A9C8-8C78C2802615}.Release|Any CPU.ActiveCfg = Release|Any CPU
		{96C6F500-4EAE-407C-A9C8-8C78C2802615}.Release|Any CPU.Build.0 = Release|Any CPU
		{85D6BCC4-BECA-4675-BC18-D1160868E719}.Debug|Any CPU.ActiveCfg = Debug|Any CPU
		{85D6BCC4-BECA-4675-BC18-D1160868E719}.Debug|Any CPU.Build.0 = Debug|Any CPU
		{85D6BCC4-BECA-4675-BC18-D1160868E719}.Release|Any CPU.ActiveCfg = Release|Any CPU
		{85D6BCC4-BECA-4675-BC18-D1160868E719}.Release|Any CPU.Build.0 = Release|Any CPU
		{6FE6CF2B-08E3-425F-831F-8F9DC1268A25}.Debug|Any CPU.ActiveCfg = Debug|Any CPU
		{6FE6CF2B-08E3-425F-831F-8F9DC1268A25}.Debug|Any CPU.Build.0 = Debug|Any CPU
		{6FE6CF2B-08E3-425F-831F-8F9DC1268A25}.Release|Any CPU.ActiveCfg = Release|Any CPU
		{6FE6CF2B-08E3-425F-831F-8F9DC1268A25}.Release|Any CPU.Build.0 = Release|Any CPU
		{A1287ED5-38BD-4FF6-B67F-F9C746EBE7C0}.Debug|Any CPU.ActiveCfg = Debug|Any CPU
		{A1287ED5-38BD-4FF6-B67F-F9C746EBE7C0}.Debug|Any CPU.Build.0 = Debug|Any CPU
		{A1287ED5-38BD-4FF6-B67F-F9C746EBE7C0}.Release|Any CPU.ActiveCfg = Release|Any CPU
		{A1287ED5-38BD-4FF6-B67F-F9C746EBE7C0}.Release|Any CPU.Build.0 = Release|Any CPU
		{36046C9A-4C7D-4549-B5C7-6478E092F14D}.Debug|Any CPU.ActiveCfg = Debug|Any CPU
		{36046C9A-4C7D-4549-B5C7-6478E092F14D}.Debug|Any CPU.Build.0 = Debug|Any CPU
		{36046C9A-4C7D-4549-B5C7-6478E092F14D}.Release|Any CPU.ActiveCfg = Release|Any CPU
		{36046C9A-4C7D-4549-B5C7-6478E092F14D}.Release|Any CPU.Build.0 = Release|Any CPU
		{919AC8DE-E0B7-45E7-9B04-79BDFFDF4DD6}.Debug|Any CPU.ActiveCfg = Debug|Any CPU
		{919AC8DE-E0B7-45E7-9B04-79BDFFDF4DD6}.Debug|Any CPU.Build.0 = Debug|Any CPU
		{919AC8DE-E0B7-45E7-9B04-79BDFFDF4DD6}.Release|Any CPU.ActiveCfg = Release|Any CPU
		{919AC8DE-E0B7-45E7-9B04-79BDFFDF4DD6}.Release|Any CPU.Build.0 = Release|Any CPU
		{125661CA-970F-42ED-9AA4-E08A9AD33922}.Debug|Any CPU.ActiveCfg = Debug|Any CPU
		{125661CA-970F-42ED-9AA4-E08A9AD33922}.Debug|Any CPU.Build.0 = Debug|Any CPU
		{125661CA-970F-42ED-9AA4-E08A9AD33922}.Release|Any CPU.ActiveCfg = Release|Any CPU
		{125661CA-970F-42ED-9AA4-E08A9AD33922}.Release|Any CPU.Build.0 = Release|Any CPU
		{DCC02039-353A-42C7-86D2-C61827ED4F14}.Debug|Any CPU.ActiveCfg = Debug|Any CPU
		{DCC02039-353A-42C7-86D2-C61827ED4F14}.Debug|Any CPU.Build.0 = Debug|Any CPU
		{DCC02039-353A-42C7-86D2-C61827ED4F14}.Release|Any CPU.ActiveCfg = Release|Any CPU
		{DCC02039-353A-42C7-86D2-C61827ED4F14}.Release|Any CPU.Build.0 = Release|Any CPU
		{A41B8ECF-8AE0-4C25-BF3A-30A63453C6F5}.Debug|Any CPU.ActiveCfg = Debug|Any CPU
		{A41B8ECF-8AE0-4C25-BF3A-30A63453C6F5}.Debug|Any CPU.Build.0 = Debug|Any CPU
		{A41B8ECF-8AE0-4C25-BF3A-30A63453C6F5}.Release|Any CPU.ActiveCfg = Release|Any CPU
		{A41B8ECF-8AE0-4C25-BF3A-30A63453C6F5}.Release|Any CPU.Build.0 = Release|Any CPU
		{B0B8E4C3-C17A-4D6A-90D0-52657FDF0115}.Debug|Any CPU.ActiveCfg = Debug|Any CPU
		{B0B8E4C3-C17A-4D6A-90D0-52657FDF0115}.Debug|Any CPU.Build.0 = Debug|Any CPU
		{B0B8E4C3-C17A-4D6A-90D0-52657FDF0115}.Release|Any CPU.ActiveCfg = Release|Any CPU
		{B0B8E4C3-C17A-4D6A-90D0-52657FDF0115}.Release|Any CPU.Build.0 = Release|Any CPU
		{BA79F60A-3473-40A1-846D-707CB5AF96DA}.Debug|Any CPU.ActiveCfg = Debug|Any CPU
		{BA79F60A-3473-40A1-846D-707CB5AF96DA}.Debug|Any CPU.Build.0 = Debug|Any CPU
		{BA79F60A-3473-40A1-846D-707CB5AF96DA}.Release|Any CPU.ActiveCfg = Release|Any CPU
		{BA79F60A-3473-40A1-846D-707CB5AF96DA}.Release|Any CPU.Build.0 = Release|Any CPU
	EndGlobalSection
	GlobalSection(SolutionProperties) = preSolution
		HideSolutionNode = FALSE
	EndGlobalSection
	GlobalSection(NestedProjects) = preSolution
		{2E40D2E7-2805-4825-8446-9E06C699D776} = {6106F9AD-BAA7-4F24-AD96-17D27BFC486D}
		{96C6F500-4EAE-407C-A9C8-8C78C2802615} = {6106F9AD-BAA7-4F24-AD96-17D27BFC486D}
		{85D6BCC4-BECA-4675-BC18-D1160868E719} = {6106F9AD-BAA7-4F24-AD96-17D27BFC486D}
		{6FE6CF2B-08E3-425F-831F-8F9DC1268A25} = {6106F9AD-BAA7-4F24-AD96-17D27BFC486D}
		{A1287ED5-38BD-4FF6-B67F-F9C746EBE7C0} = {53EEC557-BEA5-4E2C-8F1A-F96404E2FDA1}
		{36046C9A-4C7D-4549-B5C7-6478E092F14D} = {53EEC557-BEA5-4E2C-8F1A-F96404E2FDA1}
		{919AC8DE-E0B7-45E7-9B04-79BDFFDF4DD6} = {53EEC557-BEA5-4E2C-8F1A-F96404E2FDA1}
		{125661CA-970F-42ED-9AA4-E08A9AD33922} = {53EEC557-BEA5-4E2C-8F1A-F96404E2FDA1}
		{DCC02039-353A-42C7-86D2-C61827ED4F14} = {53EEC557-BEA5-4E2C-8F1A-F96404E2FDA1}
		{A41B8ECF-8AE0-4C25-BF3A-30A63453C6F5} = {5E4F5B1C-D629-4D34-B81A-65F7951AE426}
		{B0B8E4C3-C17A-4D6A-90D0-52657FDF0115} = {5E4F5B1C-D629-4D34-B81A-65F7951AE426}
		{BA79F60A-3473-40A1-846D-707CB5AF96DA} = {6106F9AD-BAA7-4F24-AD96-17D27BFC486D}
	EndGlobalSection
	GlobalSection(ExtensibilityGlobals) = postSolution
		SolutionGuid = {EBFE5C85-563F-4917-95A1-4501407AD8D8}
	EndGlobalSection
EndGlobal
